// !$*UTF8*$!
{
	archiveVersion = 1;
	classes = {
	};
	objectVersion = 77;
	objects = {

/* Begin PBXBuildFile section */
		4FC4E3BDF29F65CDE16326F2 /* SettingsView.swift in Sources */ = {isa = PBXBuildFile; fileRef = A087C32250A0D47FF1943084 /* SettingsView.swift */; };
		52C5EDC105B75B809E55DEB8 /* Assets.xcassets in Resources */ = {isa = PBXBuildFile; fileRef = 43C5D1A24A0CFDDB2F531DAC /* Assets.xcassets */; };
		610C456A5E555AD6C2BF8463 /* MenuView.swift in Sources */ = {isa = PBXBuildFile; fileRef = 25C738A3E65351C5121A13B9 /* MenuView.swift */; };
		C3C8D3FA733C302B643E2C46 /* ConfigStore.swift in Sources */ = {isa = PBXBuildFile; fileRef = 414B148663C17BF44820495C /* ConfigStore.swift */; };
		D32B67F57655E189BB3A8FBA /* GHNApp.swift in Sources */ = {isa = PBXBuildFile; fileRef = 7BED630E602CA3E0EADC29DB /* GHNApp.swift */; };
		FF3031D9466CC33016AA7964 /* GHNBridge.swift in Sources */ = {isa = PBXBuildFile; fileRef = 300A7867DE50D3EEF700949A /* GHNBridge.swift */; };
/* End PBXBuildFile section */

/* Begin PBXFileReference section */
		25C738A3E65351C5121A13B9 /* MenuView.swift */ = {isa = PBXFileReference; lastKnownFileType = sourcecode.swift; path = MenuView.swift; sourceTree = "<group>"; };
		300A7867DE50D3EEF700949A /* GHNBridge.swift */ = {isa = PBXFileReference; lastKnownFileType = sourcecode.swift; path = GHNBridge.swift; sourceTree = "<group>"; };
		414B148663C17BF44820495C /* ConfigStore.swift */ = {isa = PBXFileReference; lastKnownFileType = sourcecode.swift; path = ConfigStore.swift; sourceTree = "<group>"; };
		43C5D1A24A0CFDDB2F531DAC /* Assets.xcassets */ = {isa = PBXFileReference; lastKnownFileType = folder.assetcatalog; path = Assets.xcassets; sourceTree = "<group>"; };
		7BED630E602CA3E0EADC29DB /* GHNApp.swift */ = {isa = PBXFileReference; lastKnownFileType = sourcecode.swift; path = GHNApp.swift; sourceTree = "<group>"; };
		A087C32250A0D47FF1943084 /* SettingsView.swift */ = {isa = PBXFileReference; lastKnownFileType = sourcecode.swift; path = SettingsView.swift; sourceTree = "<group>"; };
		AB955820DF9DDCBD1FDB4C2C /* GHNApp.app */ = {isa = PBXFileReference; explicitFileType = wrapper.application; includeInIndex = 0; path = GHNApp.app; sourceTree = BUILT_PRODUCTS_DIR; };
/* End PBXFileReference section */

/* Begin PBXGroup section */
		11AC357F01E3434A820D03F4 /* Products */ = {
			isa = PBXGroup;
			children = (
				AB955820DF9DDCBD1FDB4C2C /* GHNApp.app */,
			);
			name = Products;
			sourceTree = "<group>";
		};
		180BD46C30DA229546A10CE3 /* GHNApp */ = {
			isa = PBXGroup;
			children = (
				43C5D1A24A0CFDDB2F531DAC /* Assets.xcassets */,
				414B148663C17BF44820495C /* ConfigStore.swift */,
				7BED630E602CA3E0EADC29DB /* GHNApp.swift */,
				300A7867DE50D3EEF700949A /* GHNBridge.swift */,
				25C738A3E65351C5121A13B9 /* MenuView.swift */,
				A087C32250A0D47FF1943084 /* SettingsView.swift */,
			);
			path = GHNApp;
			sourceTree = "<group>";
		};
		23DBCB8893898B8C1ABC81B5 = {
			isa = PBXGroup;
			children = (
				180BD46C30DA229546A10CE3 /* GHNApp */,
				11AC357F01E3434A820D03F4 /* Products */,
			);
			sourceTree = "<group>";
		};
/* End PBXGroup section */

/* Begin PBXNativeTarget section */
		BB5DEB49C01E978E434E6092 /* GHNApp */ = {
			isa = PBXNativeTarget;
			buildConfigurationList = 6D3F53A35A3734637E307ED0 /* Build configuration list for PBXNativeTarget "GHNApp" */;
			buildPhases = (
				1FB3E4997A35C8228CFEED35 /* Sources */,
				B9412DAA36258F333C409563 /* Resources */,
				7DA18AE5B6254AFFC54C51D2 /* Copy Go Binary */,
			);
			buildRules = (
			);
			dependencies = (
			);
			name = GHNApp;
			packageProductDependencies = (
			);
			productName = GHNApp;
			productReference = AB955820DF9DDCBD1FDB4C2C /* GHNApp.app */;
			productType = "com.apple.product-type.application";
		};
/* End PBXNativeTarget section */

/* Begin PBXProject section */
		A086627E4FB683C825234A82 /* Project object */ = {
			isa = PBXProject;
			attributes = {
				BuildIndependentTargetsInParallel = YES;
				LastUpgradeCheck = 1500;
				TargetAttributes = {
				};
			};
			buildConfigurationList = A06EBFB443786DF7BDF39CC8 /* Build configuration list for PBXProject "GHNApp" */;
			developmentRegion = en;
			hasScannedForEncodings = 0;
			knownRegions = (
				Base,
				en,
			);
			mainGroup = 23DBCB8893898B8C1ABC81B5;
			minimizedProjectReferenceProxies = 1;
			preferredProjectObjectVersion = 77;
			productRefGroup = 11AC357F01E3434A820D03F4 /* Products */;
			projectDirPath = "";
			projectRoot = "";
			targets = (
				BB5DEB49C01E978E434E6092 /* GHNApp */,
			);
		};
/* End PBXProject section */

/* Begin PBXResourcesBuildPhase section */
		B9412DAA36258F333C409563 /* Resources */ = {
			isa = PBXResourcesBuildPhase;
			buildActionMask = 2147483647;
			files = (
				52C5EDC105B75B809E55DEB8 /* Assets.xcassets in Resources */,
			);
			runOnlyForDeploymentPostprocessing = 0;
		};
/* End PBXResourcesBuildPhase section */

/* Begin PBXShellScriptBuildPhase section */
		7DA18AE5B6254AFFC54C51D2 /* Copy Go Binary */ = {
			isa = PBXShellScriptBuildPhase;
			alwaysOutOfDate = 1;
			buildActionMask = 2147483647;
			files = (
			);
			inputFileListPaths = (
			);
			inputPaths = (
			);
			name = "Copy Go Binary";
			outputFileListPaths = (
			);
			outputPaths = (
			);
			runOnlyForDeploymentPostprocessing = 0;
			shellPath = /bin/sh;
			shellScript = "cp \"${SRCROOT}/bin/ghn\" \"${BUILT_PRODUCTS_DIR}/${PRODUCT_NAME}.app/Contents/MacOS/ghn-cli\"\n";
		};
/* End PBXShellScriptBuildPhase section */

/* Begin PBXSourcesBuildPhase section */
		1FB3E4997A35C8228CFEED35 /* Sources */ = {
			isa = PBXSourcesBuildPhase;
			buildActionMask = 2147483647;
			files = (
				C3C8D3FA733C302B643E2C46 /* ConfigStore.swift in Sources */,
				D32B67F57655E189BB3A8FBA /* GHNApp.swift in Sources */,
				FF3031D9466CC33016AA7964 /* GHNBridge.swift in Sources */,
				610C456A5E555AD6C2BF8463 /* MenuView.swift in Sources */,
				4FC4E3BDF29F65CDE16326F2 /* SettingsView.swift in Sources */,
			);
			runOnlyForDeploymentPostprocessing = 0;
		};
/* End PBXSourcesBuildPhase section */

/* Begin XCBuildConfiguration section */
		37F5692E3329F734316566C1 /* Release */ = {
			isa = XCBuildConfiguration;
			buildSettings = {
				ASSETCATALOG_COMPILER_APPICON_NAME = AppIcon;
				CODE_SIGN_ENTITLEMENTS = "";
				COMBINE_HIDPI_IMAGES = YES;
				ENABLE_APP_SANDBOX = NO;
				GENERATE_INFOPLIST_FILE = YES;
				INFOPLIST_KEY_LSUIElement = YES;
				LD_RUNPATH_SEARCH_PATHS = (
					"$(inherited)",
					"@executable_path/../Frameworks",
				);
				MACOSX_DEPLOYMENT_TARGET = 14.0;
				PRODUCT_BUNDLE_IDENTIFIER = com.mrymam.ghn;
				PRODUCT_NAME = GHN;
				SDKROOT = macosx;
			};
			name = Release;
		};
		B13B16E362ABD06268EFB119 /* Release */ = {
			isa = XCBuildConfiguration;
			buildSettings = {
				ALWAYS_SEARCH_USER_PATHS = NO;
				CLANG_ANALYZER_NONNULL = YES;
				CLANG_ANALYZER_NUMBER_OBJECT_CONVERSION = YES_AGGRESSIVE;
				CLANG_CXX_LANGUAGE_STANDARD = "gnu++14";
				CLANG_CXX_LIBRARY = "libc++";
				CLANG_ENABLE_MODULES = YES;
				CLANG_ENABLE_OBJC_ARC = YES;
				CLANG_ENABLE_OBJC_WEAK = YES;
				CLANG_WARN_BLOCK_CAPTURE_AUTORELEASING = YES;
				CLANG_WARN_BOOL_CONVERSION = YES;
				CLANG_WARN_COMMA = YES;
				CLANG_WARN_CONSTANT_CONVERSION = YES;
				CLANG_WARN_DEPRECATED_OBJC_IMPLEMENTATIONS = YES;
				CLANG_WARN_DIRECT_OBJC_ISA_USAGE = YES_ERROR;
				CLANG_WARN_DOCUMENTATION_COMMENTS = YES;
				CLANG_WARN_EMPTY_BODY = YES;
				CLANG_WARN_ENUM_CONVERSION = YES;
				CLANG_WARN_INFINITE_RECURSION = YES;
				CLANG_WARN_INT_CONVERSION = YES;
				CLANG_WARN_NON_LITERAL_NULL_CONVERSION = YES;
				CLANG_WARN_OBJC_IMPLICIT_RETAIN_SELF = YES;
				CLANG_WARN_OBJC_LITERAL_CONVERSION = YES;
				CLANG_WARN_OBJC_ROOT_CLASS = YES_ERROR;
				CLANG_WARN_QUOTED_INCLUDE_IN_FRAMEWORK_HEADER = YES;
				CLANG_WARN_RANGE_LOOP_ANALYSIS = YES;
				CLANG_WARN_STRICT_PROTOTYPES = YES;
				CLANG_WARN_SUSPICIOUS_MOVE = YES;
				CLANG_WARN_UNGUARDED_AVAILABILITY = YES_AGGRESSIVE;
				CLANG_WARN_UNREACHABLE_CODE = YES;
				CLANG_WARN__DUPLICATE_METHOD_MATCH = YES;
				COPY_PHASE_STRIP = NO;
				DEBUG_INFORMATION_FORMAT = "dwarf-with-dsym";
				ENABLE_NS_ASSERTIONS = NO;
				ENABLE_STRICT_OBJC_MSGSEND = YES;
				GCC_C_LANGUAGE_STANDARD = gnu11;
				GCC_NO_COMMON_BLOCKS = YES;
				GCC_WARN_64_TO_32_BIT_CONVERSION = YES;
				GCC_WARN_ABOUT_RETURN_TYPE = YES_ERROR;
				GCC_WARN_UNDECLARED_SELECTOR = YES;
				GCC_WARN_UNINITIALIZED_AUTOS = YES_AGGRESSIVE;
				GCC_WARN_UNUSED_FUNCTION = YES;
				GCC_WARN_UNUSED_VARIABLE = YES;
				MACOSX_DEPLOYMENT_TARGET = 14.0;
				MTL_ENABLE_DEBUG_INFO = NO;
				MTL_FAST_MATH = YES;
				PRODUCT_NAME = "$(TARGET_NAME)";
				SDKROOT = macosx;
				SWIFT_COMPILATION_MODE = wholemodule;
				SWIFT_OPTIMIZATION_LEVEL = "-O";
				SWIFT_VERSION = 5.0;
			};
			name = Release;
		};
		C9F6858059365B84EAD373EB /* Debug */ = {
			isa = XCBuildConfiguration;
			buildSettings = {
				ALWAYS_SEARCH_USER_PATHS = NO;
				CLANG_ANALYZER_NONNULL = YES;
				CLANG_ANALYZER_NUMBER_OBJECT_CONVERSION = YES_AGGRESSIVE;
				CLANG_CXX_LANGUAGE_STANDARD = "gnu++14";
				CLANG_CXX_LIBRARY = "libc++";
				CLANG_ENABLE_MODULES = YES;
				CLANG_ENABLE_OBJC_ARC = YES;
				CLANG_ENABLE_OBJC_WEAK = YES;
				CLANG_WARN_BLOCK_CAPTURE_AUTORELEASING = YES;
				CLANG_WARN_BOOL_CONVERSION = YES;
				CLANG_WARN_COMMA = YES;
				CLANG_WARN_CONSTANT_CONVERSION = YES;
				CLANG_WARN_DEPRECATED_OBJC_IMPLEMENTATIONS = YES;
				CLANG_WARN_DIRECT_OBJC_ISA_USAGE = YES_ERROR;
				CLANG_WARN_DOCUMENTATION_COMMENTS = YES;
				CLANG_WARN_EMPTY_BODY = YES;
				CLANG_WARN_ENUM_CONVERSION = YES;
				CLANG_WARN_INFINITE_RECURSION = YES;
				CLANG_WARN_INT_CONVERSION = YES;
				CLANG_WARN_NON_LITERAL_NULL_CONVERSION = YES;
				CLANG_WARN_OBJC_IMPLICIT_RETAIN_SELF = YES;
				CLANG_WARN_OBJC_LITERAL_CONVERSION = YES;
				CLANG_WARN_OBJC_ROOT_CLASS = YES_ERROR;
				CLANG_WARN_QUOTED_INCLUDE_IN_FRAMEWORK_HEADER = YES;
				CLANG_WARN_RANGE_LOOP_ANALYSIS = YES;
				CLANG_WARN_STRICT_PROTOTYPES = YES;
				CLANG_WARN_SUSPICIOUS_MOVE = YES;
				CLANG_WARN_UNGUARDED_AVAILABILITY = YES_AGGRESSIVE;
				CLANG_WARN_UNREACHABLE_CODE = YES;
				CLANG_WARN__DUPLICATE_METHOD_MATCH = YES;
				COPY_PHASE_STRIP = NO;
				DEBUG_INFORMATION_FORMAT = dwarf;
				ENABLE_STRICT_OBJC_MSGSEND = YES;
				ENABLE_TESTABILITY = YES;
				GCC_C_LANGUAGE_STANDARD = gnu11;
				GCC_DYNAMIC_NO_PIC = NO;
				GCC_NO_COMMON_BLOCKS = YES;
				GCC_OPTIMIZATION_LEVEL = 0;
				GCC_PREPROCESSOR_DEFINITIONS = (
					"$(inherited)",
					"DEBUG=1",
				);
				GCC_WARN_64_TO_32_BIT_CONVERSION = YES;
				GCC_WARN_ABOUT_RETURN_TYPE = YES_ERROR;
				GCC_WARN_UNDECLARED_SELECTOR = YES;
				GCC_WARN_UNINITIALIZED_AUTOS = YES_AGGRESSIVE;
				GCC_WARN_UNUSED_FUNCTION = YES;
				GCC_WARN_UNUSED_VARIABLE = YES;
				MACOSX_DEPLOYMENT_TARGET = 14.0;
				MTL_ENABLE_DEBUG_INFO = INCLUDE_SOURCE;
				MTL_FAST_MATH = YES;
				ONLY_ACTIVE_ARCH = YES;
				PRODUCT_NAME = "$(TARGET_NAME)";
				SDKROOT = macosx;
				SWIFT_ACTIVE_COMPILATION_CONDITIONS = DEBUG;
				SWIFT_OPTIMIZATION_LEVEL = "-Onone";
				SWIFT_VERSION = 5.0;
			};
			name = Debug;
		};
		F0E21B649FFB9CF29FF4C277 /* Debug */ = {
			isa = XCBuildConfiguration;
			buildSettings = {
				ASSETCATALOG_COMPILER_APPICON_NAME = AppIcon;
				CODE_SIGN_ENTITLEMENTS = "";
				COMBINE_HIDPI_IMAGES = YES;
				ENABLE_APP_SANDBOX = NO;
				GENERATE_INFOPLIST_FILE = YES;
				INFOPLIST_KEY_LSUIElement = YES;
				LD_RUNPATH_SEARCH_PATHS = (
					"$(inherited)",
					"@executable_path/../Frameworks",
				);
				MACOSX_DEPLOYMENT_TARGET = 14.0;
				PRODUCT_BUNDLE_IDENTIFIER = com.mrymam.ghn;
				PRODUCT_NAME = GHN;
				SDKROOT = macosx;
			};
			name = Debug;
		};
/* End XCBuildConfiguration section */

/* Begin XCConfigurationList section */
		6D3F53A35A3734637E307ED0 /* Build configuration list for PBXNativeTarget "GHNApp" */ = {
			isa = XCConfigurationList;
			buildConfigurations = (
				F0E21B649FFB9CF29FF4C277 /* Debug */,
				37F5692E3329F734316566C1 /* Release */,
			);
			defaultConfigurationIsVisible = 0;
			defaultConfigurationName = Debug;
		};
		A06EBFB443786DF7BDF39CC8 /* Build configuration list for PBXProject "GHNApp" */ = {
			isa = XCConfigurationList;
			buildConfigurations = (
				C9F6858059365B84EAD373EB /* Debug */,
				B13B16E362ABD06268EFB119 /* Release */,
			);
			defaultConfigurationIsVisible = 0;
			defaultConfigurationName = Debug;
		};
/* End XCConfigurationList section */
	};
	rootObject = A086627E4FB683C825234A82 /* Project object */;
}
